
Microsoft Visual Studio Solution File, Format Version 12.00
# Visual Studio Version 17
VisualStudioVersion = 17.2.32616.157
MinimumVisualStudioVersion = 10.0.40219.1
Project("{FAE04EC0-301F-11D3-BF4B-00C04F79EFBC}") = "GymClub", "GymClub\GymClub.csproj", "{DE18BDCB-F6E0-46EF-9829-93A654FC1183}"
EndProject
Project("{FAE04EC0-301F-11D3-BF4B-00C04F79EFBC}") = "GymDB", "GymDB\GymDB.csproj", "{CEDAC399-934F-4947-85FD-A58401507B04}"
EndProject
Global
	GlobalSection(SolutionConfigurationPlatforms) = preSolution
		Debug|Any CPU = Debug|Any CPU
		Release|Any CPU = Release|Any CPU
	EndGlobalSection
	GlobalSection(ProjectConfigurationPlatforms) = postSolution
		{DE18BDCB-F6E0-46EF-9829-93A654FC1183}.Debug|Any CPU.ActiveCfg = Debug|Any CPU
		{DE18BDCB-F6E0-46EF-9829-93A654FC1183}.Debug|Any CPU.Build.0 = Debug|Any CPU
		{DE18BDCB-F6E0-46EF-9829-93A654FC1183}.Release|Any CPU.ActiveCfg = Release|Any CPU
		{DE18BDCB-F6E0-46EF-9829-93A654FC1183}.Release|Any CPU.Build.0 = Release|Any CPU
		{CEDAC399-934F-4947-85FD-A58401507B04}.Debug|Any CPU.ActiveCfg = Debug|Any CPU
		{CEDAC399-934F-4947-85FD-A58401507B04}.Debug|Any CPU.Build.0 = Debug|Any CPU
		{CEDAC399-934F-4947-85FD-A58401507B04}.Release|Any CPU.ActiveCfg = Release|Any CPU
		{CEDAC399-934F-4947-85FD-A58401507B04}.Release|Any CPU.Build.0 = Release|Any CPU
	EndGlobalSection
	GlobalSection(SolutionProperties) = preSolution
		HideSolutionNode = FALSE
	EndGlobalSection
	GlobalSection(ExtensibilityGlobals) = postSolution
		SolutionGuid = {AEEECE1E-8434-4619-BA56-5727C9A6F555}
	EndGlobalSection
EndGlobal
